<?xml version="1.0" encoding="utf-8"?>
<Project ToolsVersion="4.0" xmlns="http://schemas.microsoft.com/developer/msbuild/2003">
  <ItemGroup>
    <Filter Include="头文件">
      <UniqueIdentifier>{93995380-89BD-4b04-88EB-625FBE52EBFB}</UniqueIdentifier>
      <Extensions>h;hh;hpp;hxx;hm;inl;inc;xsd</Extensions>
    </Filter>
    <Filter Include="资源文件">
      <UniqueIdentifier>{67DA6AB6-F800-4c08-8B7A-83BB121AAD01}</UniqueIdentifier>
      <Extensions>rc;ico;cur;bmp;dlg;rc2;rct;bin;rgs;gif;jpg;jpeg;jpe;resx;tiff;tif;png;wav;mfcribbon-ms</Extensions>
    </Filter>
    <Filter Include="资源文件\源文件">
      <UniqueIdentifier>{4FC737F1-C7A5-4376-A066-2A32D752A2FF}</UniqueIdentifier>
      <Extensions>cpp;c;cc;cxx;def;odl;idl;hpj;bat;asm;asmx</Extensions>
    </Filter>
    <Filter Include="资源文件\common">
      <UniqueIdentifier>{251c3caa-675b-45c4-8bc4-809ce732842d}</UniqueIdentifier>
    </Filter>
  </ItemGroup>
  <ItemGroup>
    <ClCompile Include="Daily0123.cpp">
      <Filter>资源文件\源文件</Filter>
    </ClCompile>
    <ClCompile Include="Daily0124.cpp">
      <Filter>资源文件\源文件</Filter>
    </ClCompile>
    <ClCompile Include="Daily0128.cpp">
      <Filter>资源文件\源文件</Filter>
    </ClCompile>
    <ClCompile Include="Daily0129.cpp">
      <Filter>资源文件\源文件</Filter>
    </ClCompile>
    <ClCompile Include="Daily0130_正则_search与match.cpp">
      <Filter>资源文件\源文件</Filter>
    </ClCompile>
    <ClCompile Include="Daily0131_正则_match_result.cpp">
      <Filter>资源文件\源文件</Filter>
    </ClCompile>
    <ClCompile Include="Daily0201_正则_3种方式迭代.cpp">
      <Filter>资源文件\源文件</Filter>
    </ClCompile>
    <ClCompile Include="Daily0206_正则_分词迭代器.cpp">
      <Filter>资源文件\源文件</Filter>
    </ClCompile>
    <ClCompile Include="Daily0207_正则_替换.cpp">
      <Filter>资源文件\源文件</Filter>
    </ClCompile>
    <ClCompile Include="Daily0220_异常.cpp">
      <Filter>资源文件\源文件</Filter>
    </ClCompile>
    <ClCompile Include="Daily0222_通用工具_tuple(二).cpp">
      <Filter>资源文件\源文件</Filter>
    </ClCompile>
    <ClCompile Include="Daily0228_通用工具_智能指针.cpp">
      <Filter>资源文件\源文件</Filter>
    </ClCompile>
    <ClCompile Include="Daily0301_通用工具_weakptr.cpp">
      <Filter>资源文件\源文件</Filter>
    </ClCompile>
    <ClCompile Include="Daily0305_shared_ptr与线程安全.cpp">
      <Filter>资源文件\源文件</Filter>
    </ClCompile>
    <ClCompile Include="Daily0306_unique_ptr与资源管理.cpp">
      <Filter>资源文件\源文件</Filter>
    </ClCompile>
    <ClCompile Include="Daily0125_子字符串-查找-数值转换.cpp">
      <Filter>资源文件\源文件</Filter>
    </ClCompile>
    <ClCompile Include="Daily0307_unique_ptr与资源管理（二）：数组资源管理以及自定义析构.cpp">
      <Filter>资源文件\源文件</Filter>
    </ClCompile>
    <ClCompile Include="Daily0308_数值极值.cpp">
      <Filter>资源文件\源文件</Filter>
    </ClCompile>
    <ClCompile Include="Daily0313_type_traits.cpp">
      <Filter>资源文件\源文件</Filter>
    </ClCompile>
    <ClCompile Include="Daily0315_reference wrapper和function wrapper，以及min max swap.cpp">
      <Filter>资源文件\源文件</Filter>
    </ClCompile>
    <ClCompile Include="Daily0319_ratio_编译期分数运算.cpp">
      <Filter>资源文件\源文件</Filter>
    </ClCompile>
    <ClCompile Include="Daily0320_chrono_duration.cpp">
      <Filter>资源文件\源文件</Filter>
    </ClCompile>
    <ClCompile Include="Daily0321_clock和timepoint.cpp">
      <Filter>资源文件\源文件</Filter>
    </ClCompile>
    <ClCompile Include="Daily0322_chrono_timpoint计算.cpp">
      <Filter>资源文件\源文件</Filter>
    </ClCompile>
    <ClCompile Include="Daily0326_timepoint和time_t的互转.cpp">
      <Filter>资源文件\源文件</Filter>
    </ClCompile>
    <ClCompile Include="Daily0210_c11一些新特性：一致初始化与改进的循环.cpp">
      <Filter>资源文件\源文件</Filter>
    </ClCompile>
    <ClCompile Include="Daily0211_c11一些新特性（二%29：变参模板与lambda.cpp">
      <Filter>资源文件\源文件</Filter>
    </ClCompile>
    <ClCompile Include="Daily0314_type_traits%28二%29：单参判别，双参比较，类型修饰.cpp">
      <Filter>资源文件\源文件</Filter>
    </ClCompile>
    <ClCompile Include="Daily0221_通用工具_pair和tuple：序列化与反序列化，ref，cref.cpp">
      <Filter>资源文件\源文件</Filter>
    </ClCompile>
    <ClCompile Include="Daily0327_函数对象（一）：函数对象持有的内部状态.cpp">
      <Filter>资源文件\源文件</Filter>
    </ClCompile>
    <ClCompile Include="Daily0329_函数对象（二）：改变与获取函数对象持有的内部状态.cpp">
      <Filter>资源文件\源文件</Filter>
    </ClCompile>
    <ClCompile Include="Daily0122_auto decltype 与 初值列表.cpp">
      <Filter>资源文件\源文件</Filter>
    </ClCompile>
    <ClCompile Include="Daily0402_函数对象（三）：bind.cpp">
      <Filter>资源文件\源文件</Filter>
    </ClCompile>
    <ClCompile Include="Daily0403_函数对象（四）：绑定到成员函数.cpp">
      <Filter>资源文件\源文件</Filter>
    </ClCompile>
    <ClCompile Include="Daily0409_容器概览（一）.cpp">
      <Filter>资源文件\源文件</Filter>
    </ClCompile>
    <ClCompile Include="Daily0410_容器概览（二）：无序容器.cpp">
      <Filter>资源文件\源文件</Filter>
    </ClCompile>
    <ClCompile Include="Daily0411_算法概览.cpp">
      <Filter>资源文件\源文件</Filter>
    </ClCompile>
    <ClCompile Include="Daily0412_算法概览（二）：某些多区间算法.cpp">
      <Filter>资源文件\源文件</Filter>
    </ClCompile>
    <ClCompile Include="Daily0413_迭代器（一）：插入式迭代器和流式迭代器.cpp">
      <Filter>资源文件\源文件</Filter>
    </ClCompile>
    <ClCompile Include="common\common.cpp">
      <Filter>资源文件\common</Filter>
    </ClCompile>
    <ClCompile Include="Daily0418_预定义函数对象与binder.cpp">
      <Filter>资源文件\源文件</Filter>
    </ClCompile>
    <ClCompile Include="Daily0416_算法概览（三）：移除元素.cpp">
      <Filter>资源文件\源文件</Filter>
    </ClCompile>
    <ClCompile Include="Daily0417_算法概览（四）：copy，earase_remove,find_if,sort.cpp">
      <Filter>资源文件\源文件</Filter>
    </ClCompile>
    <ClCompile Include="Daily0423_容器一_vector与deque.cpp">
      <Filter>资源文件\源文件</Filter>
    </ClCompile>
    <ClCompile Include="Daily0424_容器二_list.cpp">
      <Filter>资源文件\源文件</Filter>
    </ClCompile>
    <ClCompile Include="Daily0428_容器三_set 与 multiset：自定义排序规则.cpp">
      <Filter>资源文件\源文件</Filter>
    </ClCompile>
    <ClCompile Include="Daily0501_容器四_map 与 multimap.cpp">
      <Filter>资源文件\源文件</Filter>
    </ClCompile>
    <ClCompile Include="Daily0503_容器五_unorderd_set.cpp">
      <Filter>资源文件\源文件</Filter>
    </ClCompile>
    <ClCompile Include="Daily0507_无序容器_buckets.cpp">
      <Filter>资源文件\源文件</Filter>
    </ClCompile>
    <ClCompile Include="Daily0509_迭代器：分类以及迭代器辅助工具.cpp">
      <Filter>资源文件\源文件</Filter>
    </ClCompile>
    <ClCompile Include="Daily0510_迭代器适配器.cpp">
      <Filter>资源文件\源文件</Filter>
    </ClCompile>
    <ClCompile Include="Daily0508_容器回顾以及扩展（c-style型容器）.cpp">
      <Filter>资源文件\源文件</Filter>
    </ClCompile>
    <ClCompile Include="Daily0516_算法（一）：综述以及for_each，count_if，maxmin_element等.cpp">
      <Filter>资源文件\源文件</Filter>
    </ClCompile>
    <ClCompile Include="Daily0517_算法（二）：查找算法 find ，search等.cpp">
      <Filter>资源文件\源文件</Filter>
    </ClCompile>
  </ItemGroup>
  <ItemGroup>
    <ClInclude Include="common\common.h">
      <Filter>资源文件\common</Filter>
    </ClInclude>
  </ItemGroup>
</Project>